// !$*UTF8*$!
{
	archiveVersion = 1;
	classes = {
	};
	objectVersion = 48;
	objects = {

/* Begin PBXBuildFile section */
		06B76EA91F93E8CB0021FC72 /* ProfileViewController.swift in Sources */ = {isa = PBXBuildFile; fileRef = 06B76EA81F93E8CB0021FC72 /* ProfileViewController.swift */; };
		06B76EAD1F93FA240021FC72 /* OctoProfileService.swift in Sources */ = {isa = PBXBuildFile; fileRef = 06B76EAC1F93FA240021FC72 /* OctoProfileService.swift */; };
		06B76EAF1F93FC4F0021FC72 /* ProfileViewModel.swift in Sources */ = {isa = PBXBuildFile; fileRef = 06B76EAE1F93FC4F0021FC72 /* ProfileViewModel.swift */; };
		06B76EB11F93FFCB0021FC72 /* RepositoryViewController.swift in Sources */ = {isa = PBXBuildFile; fileRef = 06B76EB01F93FFCB0021FC72 /* RepositoryViewController.swift */; };
		06B76EB31F9408E40021FC72 /* OctoRepositoryService.swift in Sources */ = {isa = PBXBuildFile; fileRef = 06B76EB21F9408E40021FC72 /* OctoRepositoryService.swift */; };
		06B76EB51F9409600021FC72 /* RepositoryViewModel.swift in Sources */ = {isa = PBXBuildFile; fileRef = 06B76EB41F9409600021FC72 /* RepositoryViewModel.swift */; };
		06B76EB71F9411320021FC72 /* IssuesViewController.swift in Sources */ = {isa = PBXBuildFile; fileRef = 06B76EB61F9411320021FC72 /* IssuesViewController.swift */; };
		06B76EB91F9416840021FC72 /* OctoIssuesService.swift in Sources */ = {isa = PBXBuildFile; fileRef = 06B76EB81F9416840021FC72 /* OctoIssuesService.swift */; };
		06B76EBB1F9416DC0021FC72 /* IssuesViewModel.swift in Sources */ = {isa = PBXBuildFile; fileRef = 06B76EBA1F9416DC0021FC72 /* IssuesViewModel.swift */; };
		06EEE31E1F93DFE20073A07D /* AppDelegate.swift in Sources */ = {isa = PBXBuildFile; fileRef = 06EEE31D1F93DFE20073A07D /* AppDelegate.swift */; };
		06EEE3231F93DFE20073A07D /* Main.storyboard in Resources */ = {isa = PBXBuildFile; fileRef = 06EEE3211F93DFE20073A07D /* Main.storyboard */; };
		06EEE3251F93DFE20073A07D /* Assets.xcassets in Resources */ = {isa = PBXBuildFile; fileRef = 06EEE3241F93DFE20073A07D /* Assets.xcassets */; };
		06EEE3281F93DFE20073A07D /* LaunchScreen.storyboard in Resources */ = {isa = PBXBuildFile; fileRef = 06EEE3261F93DFE20073A07D /* LaunchScreen.storyboard */; };
		06EEE3331F93DFE20073A07D /* octoburrsTests.swift in Sources */ = {isa = PBXBuildFile; fileRef = 06EEE3321F93DFE20073A07D /* octoburrsTests.swift */; };
		369B32510C268222B317FA9B /* Pods_octoburrsTests.framework in Frameworks */ = {isa = PBXBuildFile; fileRef = 942B9B22E3B570C45668299C /* Pods_octoburrsTests.framework */; };
		8EF6934444A0CA8A4B4F59E6 /* Pods_octoburrs.framework in Frameworks */ = {isa = PBXBuildFile; fileRef = 3A0DF92880DA760BACA6DC4E /* Pods_octoburrs.framework */; };
/* End PBXBuildFile section */

/* Begin PBXContainerItemProxy section */
		06EEE32F1F93DFE20073A07D /* PBXContainerItemProxy */ = {
			isa = PBXContainerItemProxy;
			containerPortal = 06EEE3121F93DFE20073A07D /* Project object */;
			proxyType = 1;
			remoteGlobalIDString = 06EEE3191F93DFE20073A07D;
			remoteInfo = octoburrs;
		};
/* End PBXContainerItemProxy section */

/* Begin PBXFileReference section */
		06B76EA81F93E8CB0021FC72 /* ProfileViewController.swift */ = {isa = PBXFileReference; lastKnownFileType = sourcecode.swift; path = ProfileViewController.swift; sourceTree = "<group>"; };
		06B76EAC1F93FA240021FC72 /* OctoProfileService.swift */ = {isa = PBXFileReference; lastKnownFileType = sourcecode.swift; path = OctoProfileService.swift; sourceTree = "<group>"; };
		06B76EAE1F93FC4F0021FC72 /* ProfileViewModel.swift */ = {isa = PBXFileReference; lastKnownFileType = sourcecode.swift; path = ProfileViewModel.swift; sourceTree = "<group>"; };
		06B76EB01F93FFCB0021FC72 /* RepositoryViewController.swift */ = {isa = PBXFileReference; lastKnownFileType = sourcecode.swift; path = RepositoryViewController.swift; sourceTree = "<group>"; };
		06B76EB21F9408E40021FC72 /* OctoRepositoryService.swift */ = {isa = PBXFileReference; lastKnownFileType = sourcecode.swift; path = OctoRepositoryService.swift; sourceTree = "<group>"; };
		06B76EB41F9409600021FC72 /* RepositoryViewModel.swift */ = {isa = PBXFileReference; lastKnownFileType = sourcecode.swift; path = RepositoryViewModel.swift; sourceTree = "<group>"; };
		06B76EB61F9411320021FC72 /* IssuesViewController.swift */ = {isa = PBXFileReference; lastKnownFileType = sourcecode.swift; path = IssuesViewController.swift; sourceTree = "<group>"; };
		06B76EB81F9416840021FC72 /* OctoIssuesService.swift */ = {isa = PBXFileReference; lastKnownFileType = sourcecode.swift; path = OctoIssuesService.swift; sourceTree = "<group>"; };
		06B76EBA1F9416DC0021FC72 /* IssuesViewModel.swift */ = {isa = PBXFileReference; lastKnownFileType = sourcecode.swift; path = IssuesViewModel.swift; sourceTree = "<group>"; };
		06EEE31A1F93DFE20073A07D /* octoburrs.app */ = {isa = PBXFileReference; explicitFileType = wrapper.application; includeInIndex = 0; path = octoburrs.app; sourceTree = BUILT_PRODUCTS_DIR; };
		06EEE31D1F93DFE20073A07D /* AppDelegate.swift */ = {isa = PBXFileReference; lastKnownFileType = sourcecode.swift; path = AppDelegate.swift; sourceTree = "<group>"; };
		06EEE3221F93DFE20073A07D /* Base */ = {isa = PBXFileReference; lastKnownFileType = file.storyboard; name = Base; path = Base.lproj/Main.storyboard; sourceTree = "<group>"; };
		06EEE3241F93DFE20073A07D /* Assets.xcassets */ = {isa = PBXFileReference; lastKnownFileType = folder.assetcatalog; path = Assets.xcassets; sourceTree = "<group>"; };
		06EEE3271F93DFE20073A07D /* Base */ = {isa = PBXFileReference; lastKnownFileType = file.storyboard; name = Base; path = Base.lproj/LaunchScreen.storyboard; sourceTree = "<group>"; };
		06EEE3291F93DFE20073A07D /* Info.plist */ = {isa = PBXFileReference; lastKnownFileType = text.plist.xml; path = Info.plist; sourceTree = "<group>"; };
		06EEE32E1F93DFE20073A07D /* octoburrsTests.xctest */ = {isa = PBXFileReference; explicitFileType = wrapper.cfbundle; includeInIndex = 0; path = octoburrsTests.xctest; sourceTree = BUILT_PRODUCTS_DIR; };
		06EEE3321F93DFE20073A07D /* octoburrsTests.swift */ = {isa = PBXFileReference; lastKnownFileType = sourcecode.swift; path = octoburrsTests.swift; sourceTree = "<group>"; };
		06EEE3341F93DFE20073A07D /* Info.plist */ = {isa = PBXFileReference; lastKnownFileType = text.plist.xml; path = Info.plist; sourceTree = "<group>"; };
		19CA5A28C9A02E62B9C046A4 /* Pods-octoburrsTests.debug.xcconfig */ = {isa = PBXFileReference; includeInIndex = 1; lastKnownFileType = text.xcconfig; name = "Pods-octoburrsTests.debug.xcconfig"; path = "Pods/Target Support Files/Pods-octoburrsTests/Pods-octoburrsTests.debug.xcconfig"; sourceTree = "<group>"; };
		3A0DF92880DA760BACA6DC4E /* Pods_octoburrs.framework */ = {isa = PBXFileReference; explicitFileType = wrapper.framework; includeInIndex = 0; path = Pods_octoburrs.framework; sourceTree = BUILT_PRODUCTS_DIR; };
		6B394E28BEED2657E5B175F1 /* Pods-octoburrs.release.xcconfig */ = {isa = PBXFileReference; includeInIndex = 1; lastKnownFileType = text.xcconfig; name = "Pods-octoburrs.release.xcconfig"; path = "Pods/Target Support Files/Pods-octoburrs/Pods-octoburrs.release.xcconfig"; sourceTree = "<group>"; };
		942B9B22E3B570C45668299C /* Pods_octoburrsTests.framework */ = {isa = PBXFileReference; explicitFileType = wrapper.framework; includeInIndex = 0; path = Pods_octoburrsTests.framework; sourceTree = BUILT_PRODUCTS_DIR; };
		C23EBC60290BDC12E7F0DEBD /* Pods-octoburrsTests.release.xcconfig */ = {isa = PBXFileReference; includeInIndex = 1; lastKnownFileType = text.xcconfig; name = "Pods-octoburrsTests.release.xcconfig"; path = "Pods/Target Support Files/Pods-octoburrsTests/Pods-octoburrsTests.release.xcconfig"; sourceTree = "<group>"; };
		F86C30BF9D57F856258D03BB /* Pods-octoburrs.debug.xcconfig */ = {isa = PBXFileReference; includeInIndex = 1; lastKnownFileType = text.xcconfig; name = "Pods-octoburrs.debug.xcconfig"; path = "Pods/Target Support Files/Pods-octoburrs/Pods-octoburrs.debug.xcconfig"; sourceTree = "<group>"; };
/* End PBXFileReference section */

/* Begin PBXFrameworksBuildPhase section */
		06EEE3171F93DFE20073A07D /* Frameworks */ = {
			isa = PBXFrameworksBuildPhase;
			buildActionMask = 2147483647;
			files = (
				8EF6934444A0CA8A4B4F59E6 /* Pods_octoburrs.framework in Frameworks */,
			);
			runOnlyForDeploymentPostprocessing = 0;
		};
		06EEE32B1F93DFE20073A07D /* Frameworks */ = {
			isa = PBXFrameworksBuildPhase;
			buildActionMask = 2147483647;
			files = (
				369B32510C268222B317FA9B /* Pods_octoburrsTests.framework in Frameworks */,
			);
			runOnlyForDeploymentPostprocessing = 0;
		};
/* End PBXFrameworksBuildPhase section */

/* Begin PBXGroup section */
		06B76EA71F93E8A40021FC72 /* ViewController */ = {
			isa = PBXGroup;
			children = (
				06B76EA81F93E8CB0021FC72 /* ProfileViewController.swift */,
				06B76EB01F93FFCB0021FC72 /* RepositoryViewController.swift */,
				06B76EB61F9411320021FC72 /* IssuesViewController.swift */,
			);
			path = ViewController;
			sourceTree = "<group>";
		};
		06B76EAA1F93E9C80021FC72 /* ViewModel */ = {
			isa = PBXGroup;
			children = (
				06B76EAE1F93FC4F0021FC72 /* ProfileViewModel.swift */,
				06B76EB41F9409600021FC72 /* RepositoryViewModel.swift */,
				06B76EBA1F9416DC0021FC72 /* IssuesViewModel.swift */,
			);
			path = ViewModel;
			sourceTree = "<group>";
		};
		06B76EAB1F93FA120021FC72 /* Service */ = {
			isa = PBXGroup;
			children = (
				06B76EAC1F93FA240021FC72 /* OctoProfileService.swift */,
				06B76EB21F9408E40021FC72 /* OctoRepositoryService.swift */,
				06B76EB81F9416840021FC72 /* OctoIssuesService.swift */,
			);
			path = Service;
			sourceTree = "<group>";
		};
		06EEE3111F93DFE20073A07D = {
			isa = PBXGroup;
			children = (
				06EEE31C1F93DFE20073A07D /* octoburrs */,
				06EEE3311F93DFE20073A07D /* octoburrsTests */,
				06EEE31B1F93DFE20073A07D /* Products */,
				9049A656E645C8C6495B9F20 /* Pods */,
				FAF248A493ACD3B0B22E68FF /* Frameworks */,
			);
			sourceTree = "<group>";
		};
		06EEE31B1F93DFE20073A07D /* Products */ = {
			isa = PBXGroup;
			children = (
				06EEE31A1F93DFE20073A07D /* octoburrs.app */,
				06EEE32E1F93DFE20073A07D /* octoburrsTests.xctest */,
			);
			name = Products;
			sourceTree = "<group>";
		};
		06EEE31C1F93DFE20073A07D /* octoburrs */ = {
			isa = PBXGroup;
			children = (
				06B76EAB1F93FA120021FC72 /* Service */,
				06B76EAA1F93E9C80021FC72 /* ViewModel */,
				06B76EA71F93E8A40021FC72 /* ViewController */,
				06EEE31D1F93DFE20073A07D /* AppDelegate.swift */,
				06EEE3211F93DFE20073A07D /* Main.storyboard */,
				06EEE3241F93DFE20073A07D /* Assets.xcassets */,
				06EEE3261F93DFE20073A07D /* LaunchScreen.storyboard */,
				06EEE3291F93DFE20073A07D /* Info.plist */,
			);
			path = octoburrs;
			sourceTree = "<group>";
		};
		06EEE3311F93DFE20073A07D /* octoburrsTests */ = {
			isa = PBXGroup;
			children = (
				06EEE3321F93DFE20073A07D /* octoburrsTests.swift */,
				06EEE3341F93DFE20073A07D /* Info.plist */,
			);
			path = octoburrsTests;
			sourceTree = "<group>";
		};
		9049A656E645C8C6495B9F20 /* Pods */ = {
			isa = PBXGroup;
			children = (
				F86C30BF9D57F856258D03BB /* Pods-octoburrs.debug.xcconfig */,
				6B394E28BEED2657E5B175F1 /* Pods-octoburrs.release.xcconfig */,
				19CA5A28C9A02E62B9C046A4 /* Pods-octoburrsTests.debug.xcconfig */,
				C23EBC60290BDC12E7F0DEBD /* Pods-octoburrsTests.release.xcconfig */,
			);
			name = Pods;
			sourceTree = "<group>";
		};
		FAF248A493ACD3B0B22E68FF /* Frameworks */ = {
			isa = PBXGroup;
			children = (
				3A0DF92880DA760BACA6DC4E /* Pods_octoburrs.framework */,
				942B9B22E3B570C45668299C /* Pods_octoburrsTests.framework */,
			);
			name = Frameworks;
			sourceTree = "<group>";
		};
/* End PBXGroup section */

/* Begin PBXNativeTarget section */
		06EEE3191F93DFE20073A07D /* octoburrs */ = {
			isa = PBXNativeTarget;
			buildConfigurationList = 06EEE3371F93DFE20073A07D /* Build configuration list for PBXNativeTarget "octoburrs" */;
			buildPhases = (
				C7EDED3009C73DBDB1E6D515 /* [CP] Check Pods Manifest.lock */,
				06EEE3161F93DFE20073A07D /* Sources */,
				06EEE3171F93DFE20073A07D /* Frameworks */,
				06EEE3181F93DFE20073A07D /* Resources */,
				9AD7742F3A984EE3EC4C4E14 /* [CP] Embed Pods Frameworks */,
				81D8BB77423FD9AF05100DA1 /* [CP] Copy Pods Resources */,
			);
			buildRules = (
			);
			dependencies = (
			);
			name = octoburrs;
			productName = octoburrs;
			productReference = 06EEE31A1F93DFE20073A07D /* octoburrs.app */;
			productType = "com.apple.product-type.application";
		};
		06EEE32D1F93DFE20073A07D /* octoburrsTests */ = {
			isa = PBXNativeTarget;
			buildConfigurationList = 06EEE33A1F93DFE20073A07D /* Build configuration list for PBXNativeTarget "octoburrsTests" */;
			buildPhases = (
				1C83E42E3C9586BD4E38E937 /* [CP] Check Pods Manifest.lock */,
				06EEE32A1F93DFE20073A07D /* Sources */,
				06EEE32B1F93DFE20073A07D /* Frameworks */,
				06EEE32C1F93DFE20073A07D /* Resources */,
				9FC4F4B9CBEAFD4CEA8E6737 /* [CP] Embed Pods Frameworks */,
				A0F95408113BD433238C5A06 /* [CP] Copy Pods Resources */,
			);
			buildRules = (
			);
			dependencies = (
				06EEE3301F93DFE20073A07D /* PBXTargetDependency */,
			);
			name = octoburrsTests;
			productName = octoburrsTests;
			productReference = 06EEE32E1F93DFE20073A07D /* octoburrsTests.xctest */;
			productType = "com.apple.product-type.bundle.unit-test";
		};
/* End PBXNativeTarget section */

/* Begin PBXProject section */
		06EEE3121F93DFE20073A07D /* Project object */ = {
			isa = PBXProject;
			attributes = {
				LastSwiftUpdateCheck = 0900;
				LastUpgradeCheck = 0900;
				ORGANIZATIONNAME = theowl;
				TargetAttributes = {
					06EEE3191F93DFE20073A07D = {
						CreatedOnToolsVersion = 9.0;
						ProvisioningStyle = Automatic;
					};
					06EEE32D1F93DFE20073A07D = {
						CreatedOnToolsVersion = 9.0;
						ProvisioningStyle = Automatic;
						TestTargetID = 06EEE3191F93DFE20073A07D;
					};
				};
			};
			buildConfigurationList = 06EEE3151F93DFE20073A07D /* Build configuration list for PBXProject "octoburrs" */;
			compatibilityVersion = "Xcode 8.0";
			developmentRegion = en;
			hasScannedForEncodings = 0;
			knownRegions = (
				en,
				Base,
			);
			mainGroup = 06EEE3111F93DFE20073A07D;
			productRefGroup = 06EEE31B1F93DFE20073A07D /* Products */;
			projectDirPath = "";
			projectRoot = "";
			targets = (
				06EEE3191F93DFE20073A07D /* octoburrs */,
				06EEE32D1F93DFE20073A07D /* octoburrsTests */,
			);
		};
/* End PBXProject section */

/* Begin PBXResourcesBuildPhase section */
		06EEE3181F93DFE20073A07D /* Resources */ = {
			isa = PBXResourcesBuildPhase;
			buildActionMask = 2147483647;
			files = (
				06EEE3281F93DFE20073A07D /* LaunchScreen.storyboard in Resources */,
				06EEE3251F93DFE20073A07D /* Assets.xcassets in Resources */,
				06EEE3231F93DFE20073A07D /* Main.storyboard in Resources */,
			);
			runOnlyForDeploymentPostprocessing = 0;
		};
		06EEE32C1F93DFE20073A07D /* Resources */ = {
			isa = PBXResourcesBuildPhase;
			buildActionMask = 2147483647;
			files = (
			);
			runOnlyForDeploymentPostprocessing = 0;
		};
/* End PBXResourcesBuildPhase section */

/* Begin PBXShellScriptBuildPhase section */
		1C83E42E3C9586BD4E38E937 /* [CP] Check Pods Manifest.lock */ = {
			isa = PBXShellScriptBuildPhase;
			buildActionMask = 2147483647;
			files = (
			);
			inputPaths = (
				"${PODS_PODFILE_DIR_PATH}/Podfile.lock",
				"${PODS_ROOT}/Manifest.lock",
			);
			name = "[CP] Check Pods Manifest.lock";
			outputPaths = (
				"$(DERIVED_FILE_DIR)/Pods-octoburrsTests-checkManifestLockResult.txt",
			);
			runOnlyForDeploymentPostprocessing = 0;
			shellPath = /bin/sh;
			shellScript = "diff \"${PODS_PODFILE_DIR_PATH}/Podfile.lock\" \"${PODS_ROOT}/Manifest.lock\" > /dev/null\nif [ $? != 0 ] ; then\n    # print error to STDERR\n    echo \"error: The sandbox is not in sync with the Podfile.lock. Run 'pod install' or update your CocoaPods installation.\" >&2\n    exit 1\nfi\n# This output is used by Xcode 'outputs' to avoid re-running this script phase.\necho \"SUCCESS\" > \"${SCRIPT_OUTPUT_FILE_0}\"\n";
			showEnvVarsInLog = 0;
		};
		81D8BB77423FD9AF05100DA1 /* [CP] Copy Pods Resources */ = {
			isa = PBXShellScriptBuildPhase;
			buildActionMask = 2147483647;
			files = (
			);
			inputPaths = (
			);
			name = "[CP] Copy Pods Resources";
			outputPaths = (
			);
			runOnlyForDeploymentPostprocessing = 0;
			shellPath = /bin/sh;
			shellScript = "\"${SRCROOT}/Pods/Target Support Files/Pods-octoburrs/Pods-octoburrs-resources.sh\"\n";
			showEnvVarsInLog = 0;
		};
		9AD7742F3A984EE3EC4C4E14 /* [CP] Embed Pods Frameworks */ = {
			isa = PBXShellScriptBuildPhase;
			buildActionMask = 2147483647;
			files = (
			);
			inputPaths = (
				"${SRCROOT}/Pods/Target Support Files/Pods-octoburrs/Pods-octoburrs-frameworks.sh",
				"${BUILT_PRODUCTS_DIR}/Differentiator/Differentiator.framework",
				"${BUILT_PRODUCTS_DIR}/NBNRequestKit/RequestKit.framework",
				"${BUILT_PRODUCTS_DIR}/OctoKit.swift/Octokit.framework",
				"${BUILT_PRODUCTS_DIR}/RxCocoa/RxCocoa.framework",
				"${BUILT_PRODUCTS_DIR}/RxDataSources/RxDataSources.framework",
				"${BUILT_PRODUCTS_DIR}/RxSwift/RxSwift.framework",
			);
			name = "[CP] Embed Pods Frameworks";
			outputPaths = (
				"${TARGET_BUILD_DIR}/${FRAMEWORKS_FOLDER_PATH}/Differentiator.framework",
				"${TARGET_BUILD_DIR}/${FRAMEWORKS_FOLDER_PATH}/RequestKit.framework",
				"${TARGET_BUILD_DIR}/${FRAMEWORKS_FOLDER_PATH}/Octokit.framework",
				"${TARGET_BUILD_DIR}/${FRAMEWORKS_FOLDER_PATH}/RxCocoa.framework",
				"${TARGET_BUILD_DIR}/${FRAMEWORKS_FOLDER_PATH}/RxDataSources.framework",
				"${TARGET_BUILD_DIR}/${FRAMEWORKS_FOLDER_PATH}/RxSwift.framework",
			);
			runOnlyForDeploymentPostprocessing = 0;
			shellPath = /bin/sh;
			shellScript = "\"${SRCROOT}/Pods/Target Support Files/Pods-octoburrs/Pods-octoburrs-frameworks.sh\"\n";
			showEnvVarsInLog = 0;
		};
		9FC4F4B9CBEAFD4CEA8E6737 /* [CP] Embed Pods Frameworks */ = {
			isa = PBXShellScriptBuildPhase;
			buildActionMask = 2147483647;
			files = (
			);
			inputPaths = (
			);
			name = "[CP] Embed Pods Frameworks";
			outputPaths = (
			);
			runOnlyForDeploymentPostprocessing = 0;
			shellPath = /bin/sh;
			shellScript = "\"${SRCROOT}/Pods/Target Support Files/Pods-octoburrsTests/Pods-octoburrsTests-frameworks.sh\"\n";
			showEnvVarsInLog = 0;
		};
		A0F95408113BD433238C5A06 /* [CP] Copy Pods Resources */ = {
			isa = PBXShellScriptBuildPhase;
			buildActionMask = 2147483647;
			files = (
			);
			inputPaths = (
			);
			name = "[CP] Copy Pods Resources";
			outputPaths = (
			);
			runOnlyForDeploymentPostprocessing = 0;
			shellPath = /bin/sh;
			shellScript = "\"${SRCROOT}/Pods/Target Support Files/Pods-octoburrsTests/Pods-octoburrsTests-resources.sh\"\n";
			showEnvVarsInLog = 0;
		};
		C7EDED3009C73DBDB1E6D515 /* [CP] Check Pods Manifest.lock */ = {
			isa = PBXShellScriptBuildPhase;
			buildActionMask = 2147483647;
			files = (
			);
			inputPaths = (
				"${PODS_PODFILE_DIR_PATH}/Podfile.lock",
				"${PODS_ROOT}/Manifest.lock",
			);
			name = "[CP] Check Pods Manifest.lock";
			outputPaths = (
				"$(DERIVED_FILE_DIR)/Pods-octoburrs-checkManifestLockResult.txt",
			);
			runOnlyForDeploymentPostprocessing = 0;
			shellPath = /bin/sh;
			shellScript = "diff \"${PODS_PODFILE_DIR_PATH}/Podfile.lock\" \"${PODS_ROOT}/Manifest.lock\" > /dev/null\nif [ $? != 0 ] ; then\n    # print error to STDERR\n    echo \"error: The sandbox is not in sync with the Podfile.lock. Run 'pod install' or update your CocoaPods installation.\" >&2\n    exit 1\nfi\n# This output is used by Xcode 'outputs' to avoid re-running this script phase.\necho \"SUCCESS\" > \"${SCRIPT_OUTPUT_FILE_0}\"\n";
			showEnvVarsInLog = 0;
		};
/* End PBXShellScriptBuildPhase section */

/* Begin PBXSourcesBuildPhase section */
		06EEE3161F93DFE20073A07D /* Sources */ = {
			isa = PBXSourcesBuildPhase;
			buildActionMask = 2147483647;
			files = (
				06B76EBB1F9416DC0021FC72 /* IssuesViewModel.swift in Sources */,
				06B76EB71F9411320021FC72 /* IssuesViewController.swift in Sources */,
				06B76EB51F9409600021FC72 /* RepositoryViewModel.swift in Sources */,
				06B76EAD1F93FA240021FC72 /* OctoProfileService.swift in Sources */,
				06B76EA91F93E8CB0021FC72 /* ProfileViewController.swift in Sources */,
				06B76EB31F9408E40021FC72 /* OctoRepositoryService.swift in Sources */,
				06B76EAF1F93FC4F0021FC72 /* ProfileViewModel.swift in Sources */,
				06EEE31E1F93DFE20073A07D /* AppDelegate.swift in Sources */,
				06B76EB91F9416840021FC72 /* OctoIssuesService.swift in Sources */,
				06B76EB11F93FFCB0021FC72 /* RepositoryViewController.swift in Sources */,
			);
			runOnlyForDeploymentPostprocessing = 0;
		};
		06EEE32A1F93DFE20073A07D /* Sources */ = {
			isa = PBXSourcesBuildPhase;
			buildActionMask = 2147483647;
			files = (
				06EEE3331F93DFE20073A07D /* octoburrsTests.swift in Sources */,
			);
			runOnlyForDeploymentPostprocessing = 0;
		};
/* End PBXSourcesBuildPhase section */

/* Begin PBXTargetDependency section */
		06EEE3301F93DFE20073A07D /* PBXTargetDependency */ = {
			isa = PBXTargetDependency;
			target = 06EEE3191F93DFE20073A07D /* octoburrs */;
			targetProxy = 06EEE32F1F93DFE20073A07D /* PBXContainerItemProxy */;
		};
/* End PBXTargetDependency section */

/* Begin PBXVariantGroup section */
		06EEE3211F93DFE20073A07D /* Main.storyboard */ = {
			isa = PBXVariantGroup;
			children = (
				06EEE3221F93DFE20073A07D /* Base */,
			);
			name = Main.storyboard;
			sourceTree = "<group>";
		};
		06EEE3261F93DFE20073A07D /* LaunchScreen.storyboard */ = {
			isa = PBXVariantGroup;
			children = (
				06EEE3271F93DFE20073A07D /* Base */,
			);
			name = LaunchScreen.storyboard;
			sourceTree = "<group>";
		};
/* End PBXVariantGroup section */

/* Begin XCBuildConfiguration section */
		06EEE3351F93DFE20073A07D /* Debug */ = {
			isa = XCBuildConfiguration;
			buildSettings = {
				ALWAYS_SEARCH_USER_PATHS = NO;
				CLANG_ANALYZER_NONNULL = YES;
				CLANG_ANALYZER_NUMBER_OBJECT_CONVERSION = YES_AGGRESSIVE;
				CLANG_CXX_LANGUAGE_STANDARD = "gnu++14";
				CLANG_CXX_LIBRARY = "libc++";
				CLANG_ENABLE_MODULES = YES;
				CLANG_ENABLE_OBJC_ARC = YES;
				CLANG_WARN_BLOCK_CAPTURE_AUTORELEASING = YES;
				CLANG_WARN_BOOL_CONVERSION = YES;
				CLANG_WARN_COMMA = YES;
				CLANG_WARN_CONSTANT_CONVERSION = YES;
				CLANG_WARN_DIRECT_OBJC_ISA_USAGE = YES_ERROR;
				CLANG_WARN_DOCUMENTATION_COMMENTS = YES;
				CLANG_WARN_EMPTY_BODY = YES;
				CLANG_WARN_ENUM_CONVERSION = YES;
				CLANG_WARN_INFINITE_RECURSION = YES;
				CLANG_WARN_INT_CONVERSION = YES;
				CLANG_WARN_NON_LITERAL_NULL_CONVERSION = YES;
				CLANG_WARN_OBJC_LITERAL_CONVERSION = YES;
				CLANG_WARN_OBJC_ROOT_CLASS = YES_ERROR;
				CLANG_WARN_RANGE_LOOP_ANALYSIS = YES;
				CLANG_WARN_STRICT_PROTOTYPES = YES;
				CLANG_WARN_SUSPICIOUS_MOVE = YES;
				CLANG_WARN_UNGUARDED_AVAILABILITY = YES_AGGRESSIVE;
				CLANG_WARN_UNREACHABLE_CODE = YES;
				CLANG_WARN__DUPLICATE_METHOD_MATCH = YES;
				CODE_SIGN_IDENTITY = "iPhone Developer";
				COPY_PHASE_STRIP = NO;
				DEBUG_INFORMATION_FORMAT = dwarf;
				ENABLE_STRICT_OBJC_MSGSEND = YES;
				ENABLE_TESTABILITY = YES;
				GCC_C_LANGUAGE_STANDARD = gnu11;
				GCC_DYNAMIC_NO_PIC = NO;
				GCC_NO_COMMON_BLOCKS = YES;
				GCC_OPTIMIZATION_LEVEL = 0;
				GCC_PREPROCESSOR_DEFINITIONS = (
					"DEBUG=1",
					"$(inherited)",
				);
				GCC_WARN_64_TO_32_BIT_CONVERSION = YES;
				GCC_WARN_ABOUT_RETURN_TYPE = YES_ERROR;
				GCC_WARN_UNDECLARED_SELECTOR = YES;
				GCC_WARN_UNINITIALIZED_AUTOS = YES_AGGRESSIVE;
				GCC_WARN_UNUSED_FUNCTION = YES;
				GCC_WARN_UNUSED_VARIABLE = YES;
				IPHONEOS_DEPLOYMENT_TARGET = 11.0;
				MTL_ENABLE_DEBUG_INFO = YES;
				ONLY_ACTIVE_ARCH = YES;
				SDKROOT = iphoneos;
				SWIFT_ACTIVE_COMPILATION_CONDITIONS = DEBUG;
				SWIFT_OPTIMIZATION_LEVEL = "-Onone";
			};
			name = Debug;
		};
		06EEE3361F93DFE20073A07D /* Release */ = {
			isa = XCBuildConfiguration;
			buildSettings = {
				ALWAYS_SEARCH_USER_PATHS = NO;
				CLANG_ANALYZER_NONNULL = YES;
				CLANG_ANALYZER_NUMBER_OBJECT_CONVERSION = YES_AGGRESSIVE;
				CLANG_CXX_LANGUAGE_STANDARD = "gnu++14";
				CLANG_CXX_LIBRARY = "libc++";
				CLANG_ENABLE_MODULES = YES;
				CLANG_ENABLE_OBJC_ARC = YES;
				CLANG_WARN_BLOCK_CAPTURE_AUTORELEASING = YES;
				CLANG_WARN_BOOL_CONVERSION = YES;
				CLANG_WARN_COMMA = YES;
				CLANG_WARN_CONSTANT_CONVERSION = YES;
				CLANG_WARN_DIRECT_OBJC_ISA_USAGE = YES_ERROR;
				CLANG_WARN_DOCUMENTATION_COMMENTS = YES;
				CLANG_WARN_EMPTY_BODY = YES;
				CLANG_WARN_ENUM_CONVERSION = YES;
				CLANG_WARN_INFINITE_RECURSION = YES;
				CLANG_WARN_INT_CONVERSION = YES;
				CLANG_WARN_NON_LITERAL_NULL_CONVERSION = YES;
				CLANG_WARN_OBJC_LITERAL_CONVERSION = YES;
				CLANG_WARN_OBJC_ROOT_CLASS = YES_ERROR;
				CLANG_WARN_RANGE_LOOP_ANALYSIS = YES;
				CLANG_WARN_STRICT_PROTOTYPES = YES;
				CLANG_WARN_SUSPICIOUS_MOVE = YES;
				CLANG_WARN_UNGUARDED_AVAILABILITY = YES_AGGRESSIVE;
				CLANG_WARN_UNREACHABLE_CODE = YES;
				CLANG_WARN__DUPLICATE_METHOD_MATCH = YES;
				CODE_SIGN_IDENTITY = "iPhone Developer";
				COPY_PHASE_STRIP = NO;
				DEBUG_INFORMATION_FORMAT = "dwarf-with-dsym";
				ENABLE_NS_ASSERTIONS = NO;
				ENABLE_STRICT_OBJC_MSGSEND = YES;
				GCC_C_LANGUAGE_STANDARD = gnu11;
				GCC_NO_COMMON_BLOCKS = YES;
				GCC_WARN_64_TO_32_BIT_CONVERSION = YES;
				GCC_WARN_ABOUT_RETURN_TYPE = YES_ERROR;
				GCC_WARN_UNDECLARED_SELECTOR = YES;
				GCC_WARN_UNINITIALIZED_AUTOS = YES_AGGRESSIVE;
				GCC_WARN_UNUSED_FUNCTION = YES;
				GCC_WARN_UNUSED_VARIABLE = YES;
				IPHONEOS_DEPLOYMENT_TARGET = 11.0;
				MTL_ENABLE_DEBUG_INFO = NO;
				SDKROOT = iphoneos;
				SWIFT_OPTIMIZATION_LEVEL = "-Owholemodule";
				VALIDATE_PRODUCT = YES;
			};
			name = Release;
		};
		06EEE3381F93DFE20073A07D /* Debug */ = {
			isa = XCBuildConfiguration;
			baseConfigurationReference = F86C30BF9D57F856258D03BB /* Pods-octoburrs.debug.xcconfig */;
			buildSettings = {
				ASSETCATALOG_COMPILER_APPICON_NAME = AppIcon;
				CODE_SIGN_STYLE = Automatic;
				DEVELOPMENT_TEAM = HRC7JV624Y;
				GCC_WARN_UNUSED_VALUE = NO;
				GCC_WARN_UNUSED_VARIABLE = NO;
				INFOPLIST_FILE = octoburrs/Info.plist;
				LD_RUNPATH_SEARCH_PATHS = "$(inherited) @executable_path/Frameworks";
				PRODUCT_BUNDLE_IDENTIFIER = ai.theowl.octoburrs;
				PRODUCT_NAME = "$(TARGET_NAME)";
				SWIFT_VERSION = 4.0;
				TARGETED_DEVICE_FAMILY = "1,2";
			};
			name = Debug;
		};
		06EEE3391F93DFE20073A07D /* Release */ = {
			isa = XCBuildConfiguration;
			baseConfigurationReference = 6B394E28BEED2657E5B175F1 /* Pods-octoburrs.release.xcconfig */;
			buildSettings = {
				ASSETCATALOG_COMPILER_APPICON_NAME = AppIcon;
				CODE_SIGN_STYLE = Automatic;
				DEVELOPMENT_TEAM = HRC7JV624Y;
				GCC_WARN_UNUSED_VALUE = NO;
				GCC_WARN_UNUSED_VARIABLE = NO;
				INFOPLIST_FILE = octoburrs/Info.plist;
				LD_RUNPATH_SEARCH_PATHS = "$(inherited) @executable_path/Frameworks";
				PRODUCT_BUNDLE_IDENTIFIER = ai.theowl.octoburrs;
				PRODUCT_NAME = "$(TARGET_NAME)";
				SWIFT_VERSION = 4.0;
				TARGETED_DEVICE_FAMILY = "1,2";
			};
			name = Release;
		};
		06EEE33B1F93DFE20073A07D /* Debug */ = {
			isa = XCBuildConfiguration;
			baseConfigurationReference = 19CA5A28C9A02E62B9C046A4 /* Pods-octoburrsTests.debug.xcconfig */;
			buildSettings = {
				ALWAYS_EMBED_SWIFT_STANDARD_LIBRARIES = YES;
				BUNDLE_LOADER = "$(TEST_HOST)";
				CODE_SIGN_STYLE = Automatic;
				DEVELOPMENT_TEAM = HRC7JV624Y;
				INFOPLIST_FILE = octoburrsTests/Info.plist;
				LD_RUNPATH_SEARCH_PATHS = "$(inherited) @executable_path/Frameworks @loader_path/Frameworks";
				PRODUCT_BUNDLE_IDENTIFIER = ai.theowl.octoburrsTests;
				PRODUCT_NAME = "$(TARGET_NAME)";
				SWIFT_VERSION = 4.0;
				TARGETED_DEVICE_FAMILY = "1,2";
				TEST_HOST = "$(BUILT_PRODUCTS_DIR)/octoburrs.app/octoburrs";
			};
			name = Debug;
		};
		06EEE33C1F93DFE20073A07D /* Release */ = {
			isa = XCBuildConfiguration;
			baseConfigurationReference = C23EBC60290BDC12E7F0DEBD /* Pods-octoburrsTests.release.xcconfig */;
			buildSettings = {
				ALWAYS_EMBED_SWIFT_STANDARD_LIBRARIES = YES;
				BUNDLE_LOADER = "$(TEST_HOST)";
				CODE_SIGN_STYLE = Automatic;
				DEVELOPMENT_TEAM = HRC7JV624Y;
				INFOPLIST_FILE = octoburrsTests/Info.plist;
				LD_RUNPATH_SEARCH_PATHS = "$(inherited) @executable_path/Frameworks @loader_path/Frameworks";
				PRODUCT_BUNDLE_IDENTIFIER = ai.theowl.octoburrsTests;
				PRODUCT_NAME = "$(TARGET_NAME)";
				SWIFT_VERSION = 4.0;
				TARGETED_DEVICE_FAMILY = "1,2";
				TEST_HOST = "$(BUILT_PRODUCTS_DIR)/octoburrs.app/octoburrs";
			};
			name = Release;
		};
/* End XCBuildConfiguration section */

/* Begin XCConfigurationList section */
		06EEE3151F93DFE20073A07D /* Build configuration list for PBXProject "octoburrs" */ = {
			isa = XCConfigurationList;
			buildConfigurations = (
				06EEE3351F93DFE20073A07D /* Debug */,
				06EEE3361F93DFE20073A07D /* Release */,
			);
			defaultConfigurationIsVisible = 0;
			defaultConfigurationName = Release;
		};
		06EEE3371F93DFE20073A07D /* Build configuration list for PBXNativeTarget "octoburrs" */ = {
			isa = XCConfigurationList;
			buildConfigurations = (
				06EEE3381F93DFE20073A07D /* Debug */,
				06EEE3391F93DFE20073A07D /* Release */,
			);
			defaultConfigurationIsVisible = 0;
			defaultConfigurationName = Release;
		};
		06EEE33A1F93DFE20073A07D /* Build configuration list for PBXNativeTarget "octoburrsTests" */ = {
			isa = XCConfigurationList;
			buildConfigurations = (
				06EEE33B1F93DFE20073A07D /* Debug */,
				06EEE33C1F93DFE20073A07D /* Release */,
			);
			defaultConfigurationIsVisible = 0;
			defaultConfigurationName = Release;
		};
/* End XCConfigurationList section */
	};
	rootObject = 06EEE3121F93DFE20073A07D /* Project object */;
}
